
Microsoft Visual Studio Solution File, Format Version 12.00
# Visual Studio Version 16
VisualStudioVersion = 16.0.29709.97
MinimumVisualStudioVersion = 10.0.40219.1
Project("{FAE04EC0-301F-11D3-BF4B-00C04F79EFBC}") = "PokemonBattleApp", "PokemonBattleApp.csproj", "{8D0C6CC7-6268-45AE-BCDD-B6E7A9224540}"
EndProject
Global
	GlobalSection(SolutionConfigurationPlatforms) = preSolution
		Debug|Any CPU = Debug|Any CPU
		Release|Any CPU = Release|Any CPU
	EndGlobalSection
	GlobalSection(ProjectConfigurationPlatforms) = postSolution
		{8D0C6CC7-6268-45AE-BCDD-B6E7A9224540}.Debug|Any CPU.ActiveCfg = Debug|Any CPU
		{8D0C6CC7-6268-45AE-BCDD-B6E7A9224540}.Debug|Any CPU.Build.0 = Debug|Any CPU
		{8D0C6CC7-6268-45AE-BCDD-B6E7A9224540}.Release|Any CPU.ActiveCfg = Release|Any CPU
		{8D0C6CC7-6268-45AE-BCDD-B6E7A9224540}.Release|Any CPU.Build.0 = Release|Any CPU
	EndGlobalSection
	GlobalSection(SolutionProperties) = preSolution
		HideSolutionNode = FALSE
	EndGlobalSection
	GlobalSection(ExtensibilityGlobals) = postSolution
		SolutionGuid = {E49F09D3-B98D-49CD-9C28-72BCF07AB373}
	EndGlobalSection
EndGlobal
